<?xml version="1.0" encoding="utf-8"?>
<Project ToolsVersion="4.0" xmlns="http://schemas.microsoft.com/developer/msbuild/2003">
  <ItemGroup>
    <Filter Include="sources">
      <UniqueIdentifier>{4FC737F1-C7A5-4376-A066-2A32D752A2FF}</UniqueIdentifier>
      <Extensions>cpp;c;cc;cxx;def;odl;idl;hpj;bat;asm;asmx</Extensions>
    </Filter>
    <Filter Include="sources\utils">
      <UniqueIdentifier>{b69f64d9-3981-4a2e-be5a-6c09158aea0a}</UniqueIdentifier>
    </Filter>
    <Filter Include="sources\config">
      <UniqueIdentifier>{36405c27-e047-466c-910c-c8ffa7ac971b}</UniqueIdentifier>
    </Filter>
    <Filter Include="sources\gui">
      <UniqueIdentifier>{e2f9bd2e-6117-4c1b-a1d7-a9bdffaa7b08}</UniqueIdentifier>
    </Filter>
    <Filter Include="sources\lua">
      <UniqueIdentifier>{339334c1-989a-4bad-97c8-9ad330e7268e}</UniqueIdentifier>
    </Filter>
    <Filter Include="sources\utils\console">
      <UniqueIdentifier>{6669cb50-7137-4cb2-beaa-0f21246552d8}</UniqueIdentifier>
    </Filter>
    <Filter Include="sources\utils\json">
      <UniqueIdentifier>{0422264f-28a6-4558-9b41-004950d0f55b}</UniqueIdentifier>
    </Filter>
    <Filter Include="sources\gui\imgui">
      <UniqueIdentifier>{3ca9923b-8acb-4fd9-9465-27ec87c682a4}</UniqueIdentifier>
    </Filter>
  </ItemGroup>
  <ItemGroup>
    <ClCompile Include="main.cpp">
      <Filter>sources</Filter>
    </ClCompile>
    <ClCompile Include="utils\console\console.cpp">
      <Filter>sources\utils\console</Filter>
    </ClCompile>
    <ClCompile Include="utils\json\jsoncpp.cpp">
      <Filter>sources\utils\json</Filter>
    </ClCompile>
    <ClCompile Include="config\config.cpp">
      <Filter>sources\config</Filter>
    </ClCompile>
    <ClCompile Include="gui\imgui\imgui.cpp">
      <Filter>sources\gui\imgui</Filter>
    </ClCompile>
    <ClCompile Include="gui\imgui\imgui_demo.cpp">
      <Filter>sources\gui\imgui</Filter>
    </ClCompile>
    <ClCompile Include="gui\imgui\imgui_draw.cpp">
      <Filter>sources\gui\imgui</Filter>
    </ClCompile>
    <ClCompile Include="gui\imgui\imgui_impl_dx9.cpp">
      <Filter>sources\gui\imgui</Filter>
    </ClCompile>
    <ClCompile Include="gui\imgui\imgui_impl_win32.cpp">
      <Filter>sources\gui\imgui</Filter>
    </ClCompile>
    <ClCompile Include="gui\imgui\imgui_stdlib.cpp">
      <Filter>sources\gui\imgui</Filter>
    </ClCompile>
    <ClCompile Include="gui\imgui\imgui_widgets.cpp">
      <Filter>sources\gui\imgui</Filter>
    </ClCompile>
    <ClCompile Include="gui\gui.cpp">
      <Filter>sources\gui</Filter>
    </ClCompile>
    <ClCompile Include="lua\Clua.cpp">
      <Filter>sources\lua</Filter>
    </ClCompile>
    <ClCompile Include="lua\CLuaHook.cpp">
      <Filter>sources\lua</Filter>
    </ClCompile>
  </ItemGroup>
  <ItemGroup>
    <ClInclude Include="utils\KeyState.h">
      <Filter>sources\utils</Filter>
    </ClInclude>
    <ClInclude Include="utils\console\console.h">
      <Filter>sources\utils\console</Filter>
    </ClInclude>
    <ClInclude Include="utils\json\json.h">
      <Filter>sources\utils\json</Filter>
    </ClInclude>
    <ClInclude Include="utils\json\json-forwards.h">
      <Filter>sources\utils\json</Filter>
    </ClInclude>
    <ClInclude Include="config\config.h">
      <Filter>sources\config</Filter>
    </ClInclude>
    <ClInclude Include="gui\imgui\imconfig.h">
      <Filter>sources\gui\imgui</Filter>
    </ClInclude>
    <ClInclude Include="gui\imgui\imgui.h">
      <Filter>sources\gui\imgui</Filter>
    </ClInclude>
    <ClInclude Include="gui\imgui\imgui_impl_dx9.h">
      <Filter>sources\gui\imgui</Filter>
    </ClInclude>
    <ClInclude Include="gui\imgui\imgui_impl_win32.h">
      <Filter>sources\gui\imgui</Filter>
    </ClInclude>
    <ClInclude Include="gui\imgui\imgui_internal.h">
      <Filter>sources\gui\imgui</Filter>
    </ClInclude>
    <ClInclude Include="gui\imgui\imgui_stdlib.h">
      <Filter>sources\gui\imgui</Filter>
    </ClInclude>
    <ClInclude Include="gui\imgui\imstb_rectpack.h">
      <Filter>sources\gui\imgui</Filter>
    </ClInclude>
    <ClInclude Include="gui\imgui\imstb_textedit.h">
      <Filter>sources\gui\imgui</Filter>
    </ClInclude>
    <ClInclude Include="gui\imgui\imstb_truetype.h">
      <Filter>sources\gui\imgui</Filter>
    </ClInclude>
    <ClInclude Include="gui\gui.h">
      <Filter>sources\gui</Filter>
    </ClInclude>
    <ClInclude Include="lua\Clua.h">
      <Filter>sources\lua</Filter>
    </ClInclude>
    <ClInclude Include="lua\CLuaHook.h">
      <Filter>sources\lua</Filter>
    </ClInclude>
    <ClInclude Include="lua\includes.h">
      <Filter>sources\lua</Filter>
    </ClInclude>
    <ClInclude Include="lua\sol.hpp">
      <Filter>sources\lua</Filter>
    </ClInclude>
  </ItemGroup>
  <ItemGroup>
    <Text Include="gui\imgui\LICENSE.txt">
      <Filter>sources\gui\imgui</Filter>
    </Text>
  </ItemGroup>
</Project>